
Microsoft Visual Studio Solution File, Format Version 12.00
# Visual Studio Version 17
VisualStudioVersion = 17.11.35312.102
MinimumVisualStudioVersion = 10.0.40219.1
Project("{FAE04EC0-301F-11D3-BF4B-00C04F79EFBC}") = "IsAbecedarian", "IsAbecedarian.csproj", "{0891AC52-E7B2-4D3A-BD0F-34ECB60753FC}"
EndProject
Global
	GlobalSection(SolutionConfigurationPlatforms) = preSolution
		Debug|Any CPU = Debug|Any CPU
		Release|Any CPU = Release|Any CPU
	EndGlobalSection
	GlobalSection(ProjectConfigurationPlatforms) = postSolution
		{0891AC52-E7B2-4D3A-BD0F-34ECB60753FC}.Debug|Any CPU.ActiveCfg = Debug|Any CPU
		{0891AC52-E7B2-4D3A-BD0F-34ECB60753FC}.Debug|Any CPU.Build.0 = Debug|Any CPU
		{0891AC52-E7B2-4D3A-BD0F-34ECB60753FC}.Release|Any CPU.ActiveCfg = Release|Any CPU
		{0891AC52-E7B2-4D3A-BD0F-34ECB60753FC}.Release|Any CPU.Build.0 = Release|Any CPU
	EndGlobalSection
	GlobalSection(SolutionProperties) = preSolution
		HideSolutionNode = FALSE
	EndGlobalSection
	GlobalSection(ExtensibilityGlobals) = postSolution
		SolutionGuid = {F6E1F3DB-B6DA-4264-8D4F-A7E8C2098816}
	EndGlobalSection
EndGlobal
